# This file was autogenerated by Stack.
# You should not edit this file by hand.
# For more information, please see the documentation at:
#   https://docs.haskellstack.org/en/stable/lock_files

packages:
- completed:
    hackage: regex-tdfa-1.3.1.0@sha256:eb8d0f007cf45faca8574f56f0d19c9b02bc529ef1688d8f8a9751ce7dc36cc3,6483
    pantry-tree:
      size: 2566
      sha256: eaeba6aae64939733dc526303a2d009770b91848d4e61c0007b61085b055343d
  original:
    hackage: regex-tdfa-1.3.1.0
- completed:
    hackage: regex-pcre-0.95.0.0@sha256:cdc876702c298a01ee910c6af082d1c19cf2dfeecb92a087d85c79aef3f0772f,2459
    pantry-tree:
      size: 634
      sha256: 687bd5d94debafbad4682b9050b925ab26c35d5711f881bc0f19a6d5c25e41a1
  original:
    hackage: regex-pcre-0.95.0.0
snapshots:
- completed:
    size: 565715
    url: https://raw.githubusercontent.com/commercialhaskell/stackage-snapshots/master/lts/17/7.yaml
    sha256: 1b5e4124989399e60e7a7901f0cefd910beea546131fb07a13a7208c4cc8b7ee
  original:
    url: https://raw.githubusercontent.com/commercialhaskell/stackage-snapshots/master/lts/17/7.yaml
